
Microsoft Visual Studio Solution File, Format Version 12.00
# Visual Studio Version 17
VisualStudioVersion = 17.1.32210.238
MinimumVisualStudioVersion = 10.0.40219.1
Project("{FAE04EC0-301F-11D3-BF4B-00C04F79EFBC}") = "WPF-CRUD", "WPF-CRUD\WPF-CRUD.csproj", "{3260C43A-AEA4-4773-9622-FDE27E526CAD}"
EndProject
Project("{FAE04EC0-301F-11D3-BF4B-00C04F79EFBC}") = "API-SHOP", "API-SHOP\API-SHOP.csproj", "{F7EBA251-0D35-417E-979D-3F1B7698F353}"
EndProject
Project("{FAE04EC0-301F-11D3-BF4B-00C04F79EFBC}") = "WPF-SHOP", "WPF-SHOP\WPF-SHOP.csproj", "{49BCE791-57DA-41E1-AA5C-9E2C620C4C32}"
EndProject
Global
	GlobalSection(SolutionConfigurationPlatforms) = preSolution
		Debug|Any CPU = Debug|Any CPU
		Release|Any CPU = Release|Any CPU
	EndGlobalSection
	GlobalSection(ProjectConfigurationPlatforms) = postSolution
		{3260C43A-AEA4-4773-9622-FDE27E526CAD}.Debug|Any CPU.ActiveCfg = Debug|Any CPU
		{3260C43A-AEA4-4773-9622-FDE27E526CAD}.Debug|Any CPU.Build.0 = Debug|Any CPU
		{3260C43A-AEA4-4773-9622-FDE27E526CAD}.Release|Any CPU.ActiveCfg = Release|Any CPU
		{3260C43A-AEA4-4773-9622-FDE27E526CAD}.Release|Any CPU.Build.0 = Release|Any CPU
		{F7EBA251-0D35-417E-979D-3F1B7698F353}.Debug|Any CPU.ActiveCfg = Debug|Any CPU
		{F7EBA251-0D35-417E-979D-3F1B7698F353}.Debug|Any CPU.Build.0 = Debug|Any CPU
		{F7EBA251-0D35-417E-979D-3F1B7698F353}.Release|Any CPU.ActiveCfg = Release|Any CPU
		{F7EBA251-0D35-417E-979D-3F1B7698F353}.Release|Any CPU.Build.0 = Release|Any CPU
		{49BCE791-57DA-41E1-AA5C-9E2C620C4C32}.Debug|Any CPU.ActiveCfg = Debug|Any CPU
		{49BCE791-57DA-41E1-AA5C-9E2C620C4C32}.Debug|Any CPU.Build.0 = Debug|Any CPU
		{49BCE791-57DA-41E1-AA5C-9E2C620C4C32}.Release|Any CPU.ActiveCfg = Release|Any CPU
		{49BCE791-57DA-41E1-AA5C-9E2C620C4C32}.Release|Any CPU.Build.0 = Release|Any CPU
	EndGlobalSection
	GlobalSection(SolutionProperties) = preSolution
		HideSolutionNode = FALSE
	EndGlobalSection
	GlobalSection(ExtensibilityGlobals) = postSolution
		SolutionGuid = {1B2FCE5B-878C-4AF5-A4FE-B8F98AEC4778}
	EndGlobalSection
EndGlobal
